// !$*UTF8*$!
{
	archiveVersion = 1;
	classes = {
	};
	objectVersion = 56;
	objects = {

/* Begin PBXBuildFile section */
		86897B9229D6812E00CEE193 /* RatioBarChartApp.swift in Sources */ = {isa = PBXBuildFile; fileRef = 86897B9129D6812E00CEE193 /* RatioBarChartApp.swift */; };
		86897B9429D6812E00CEE193 /* ContentView.swift in Sources */ = {isa = PBXBuildFile; fileRef = 86897B9329D6812E00CEE193 /* ContentView.swift */; };
		86897B9629D6812F00CEE193 /* Assets.xcassets in Resources */ = {isa = PBXBuildFile; fileRef = 86897B9529D6812F00CEE193 /* Assets.xcassets */; };
		86897B9929D6812F00CEE193 /* Preview Assets.xcassets in Resources */ = {isa = PBXBuildFile; fileRef = 86897B9829D6812F00CEE193 /* Preview Assets.xcassets */; };
		86897BA329D6812F00CEE193 /* RatioBarChartTests.swift in Sources */ = {isa = PBXBuildFile; fileRef = 86897BA229D6812F00CEE193 /* RatioBarChartTests.swift */; };
		86897BAD29D6813000CEE193 /* RatioBarChartUITests.swift in Sources */ = {isa = PBXBuildFile; fileRef = 86897BAC29D6813000CEE193 /* RatioBarChartUITests.swift */; };
		86897BAF29D6813000CEE193 /* RatioBarChartUITestsLaunchTests.swift in Sources */ = {isa = PBXBuildFile; fileRef = 86897BAE29D6813000CEE193 /* RatioBarChartUITestsLaunchTests.swift */; };
		86897BBC29D6814000CEE193 /* RatioBarChart.swift in Sources */ = {isa = PBXBuildFile; fileRef = 86897BBB29D6814000CEE193 /* RatioBarChart.swift */; };
		C0B1DD7C29D7769E0026D27C /* String+extension.swift in Sources */ = {isa = PBXBuildFile; fileRef = C0B1DD7B29D7769E0026D27C /* String+extension.swift */; };
		C0BB52E529D723C900354436 /* RadioBarChartViewModel.swift in Sources */ = {isa = PBXBuildFile; fileRef = C0BB52E429D723C900354436 /* RadioBarChartViewModel.swift */; };
		C0BB52EA29D745C100354436 /* Int+extension.swift in Sources */ = {isa = PBXBuildFile; fileRef = C0BB52E929D745C100354436 /* Int+extension.swift */; };
/* End PBXBuildFile section */

/* Begin PBXContainerItemProxy section */
		86897B9F29D6812F00CEE193 /* PBXContainerItemProxy */ = {
			isa = PBXContainerItemProxy;
			containerPortal = 86897B8629D6812D00CEE193 /* Project object */;
			proxyType = 1;
			remoteGlobalIDString = 86897B8D29D6812E00CEE193;
			remoteInfo = RatioBarChart;
		};
		86897BA929D6813000CEE193 /* PBXContainerItemProxy */ = {
			isa = PBXContainerItemProxy;
			containerPortal = 86897B8629D6812D00CEE193 /* Project object */;
			proxyType = 1;
			remoteGlobalIDString = 86897B8D29D6812E00CEE193;
			remoteInfo = RatioBarChart;
		};
/* End PBXContainerItemProxy section */

/* Begin PBXFileReference section */
		86897B8E29D6812E00CEE193 /* RatioBarChart.app */ = {isa = PBXFileReference; explicitFileType = wrapper.application; includeInIndex = 0; path = RatioBarChart.app; sourceTree = BUILT_PRODUCTS_DIR; };
		86897B9129D6812E00CEE193 /* RatioBarChartApp.swift */ = {isa = PBXFileReference; lastKnownFileType = sourcecode.swift; path = RatioBarChartApp.swift; sourceTree = "<group>"; };
		86897B9329D6812E00CEE193 /* ContentView.swift */ = {isa = PBXFileReference; lastKnownFileType = sourcecode.swift; path = ContentView.swift; sourceTree = "<group>"; };
		86897B9529D6812F00CEE193 /* Assets.xcassets */ = {isa = PBXFileReference; lastKnownFileType = folder.assetcatalog; path = Assets.xcassets; sourceTree = "<group>"; };
		86897B9829D6812F00CEE193 /* Preview Assets.xcassets */ = {isa = PBXFileReference; lastKnownFileType = folder.assetcatalog; path = "Preview Assets.xcassets"; sourceTree = "<group>"; };
		86897B9E29D6812F00CEE193 /* RatioBarChartTests.xctest */ = {isa = PBXFileReference; explicitFileType = wrapper.cfbundle; includeInIndex = 0; path = RatioBarChartTests.xctest; sourceTree = BUILT_PRODUCTS_DIR; };
		86897BA229D6812F00CEE193 /* RatioBarChartTests.swift */ = {isa = PBXFileReference; lastKnownFileType = sourcecode.swift; path = RatioBarChartTests.swift; sourceTree = "<group>"; };
		86897BA829D6813000CEE193 /* RatioBarChartUITests.xctest */ = {isa = PBXFileReference; explicitFileType = wrapper.cfbundle; includeInIndex = 0; path = RatioBarChartUITests.xctest; sourceTree = BUILT_PRODUCTS_DIR; };
		86897BAC29D6813000CEE193 /* RatioBarChartUITests.swift */ = {isa = PBXFileReference; lastKnownFileType = sourcecode.swift; path = RatioBarChartUITests.swift; sourceTree = "<group>"; };
		86897BAE29D6813000CEE193 /* RatioBarChartUITestsLaunchTests.swift */ = {isa = PBXFileReference; lastKnownFileType = sourcecode.swift; path = RatioBarChartUITestsLaunchTests.swift; sourceTree = "<group>"; };
		86897BBB29D6814000CEE193 /* RatioBarChart.swift */ = {isa = PBXFileReference; fileEncoding = 4; lastKnownFileType = sourcecode.swift; path = RatioBarChart.swift; sourceTree = "<group>"; };
		C0B1DD7B29D7769E0026D27C /* String+extension.swift */ = {isa = PBXFileReference; lastKnownFileType = sourcecode.swift; path = "String+extension.swift"; sourceTree = "<group>"; };
		C0BB52E429D723C900354436 /* RadioBarChartViewModel.swift */ = {isa = PBXFileReference; lastKnownFileType = sourcecode.swift; path = RadioBarChartViewModel.swift; sourceTree = "<group>"; };
		C0BB52E929D745C100354436 /* Int+extension.swift */ = {isa = PBXFileReference; fileEncoding = 4; lastKnownFileType = sourcecode.swift; path = "Int+extension.swift"; sourceTree = "<group>"; };
/* End PBXFileReference section */

/* Begin PBXFrameworksBuildPhase section */
		86897B8B29D6812E00CEE193 /* Frameworks */ = {
			isa = PBXFrameworksBuildPhase;
			buildActionMask = 2147483647;
			files = (
			);
			runOnlyForDeploymentPostprocessing = 0;
		};
		86897B9B29D6812F00CEE193 /* Frameworks */ = {
			isa = PBXFrameworksBuildPhase;
			buildActionMask = 2147483647;
			files = (
			);
			runOnlyForDeploymentPostprocessing = 0;
		};
		86897BA529D6813000CEE193 /* Frameworks */ = {
			isa = PBXFrameworksBuildPhase;
			buildActionMask = 2147483647;
			files = (
			);
			runOnlyForDeploymentPostprocessing = 0;
		};
/* End PBXFrameworksBuildPhase section */

/* Begin PBXGroup section */
		86897B8529D6812D00CEE193 = {
			isa = PBXGroup;
			children = (
				86897B9029D6812E00CEE193 /* RatioBarChart */,
				86897BA129D6812F00CEE193 /* RatioBarChartTests */,
				86897BAB29D6813000CEE193 /* RatioBarChartUITests */,
				86897B8F29D6812E00CEE193 /* Products */,
			);
			sourceTree = "<group>";
		};
		86897B8F29D6812E00CEE193 /* Products */ = {
			isa = PBXGroup;
			children = (
				86897B8E29D6812E00CEE193 /* RatioBarChart.app */,
				86897B9E29D6812F00CEE193 /* RatioBarChartTests.xctest */,
				86897BA829D6813000CEE193 /* RatioBarChartUITests.xctest */,
			);
			name = Products;
			sourceTree = "<group>";
		};
		86897B9029D6812E00CEE193 /* RatioBarChart */ = {
			isa = PBXGroup;
			children = (
				86897B9129D6812E00CEE193 /* RatioBarChartApp.swift */,
				86897B9329D6812E00CEE193 /* ContentView.swift */,
				86897BBB29D6814000CEE193 /* RatioBarChart.swift */,
				C0BB52E429D723C900354436 /* RadioBarChartViewModel.swift */,
				C0BB52E929D745C100354436 /* Int+extension.swift */,
				86897B9529D6812F00CEE193 /* Assets.xcassets */,
				86897B9729D6812F00CEE193 /* Preview Content */,
				C0B1DD7B29D7769E0026D27C /* String+extension.swift */,
			);
			path = RatioBarChart;
			sourceTree = "<group>";
		};
		86897B9729D6812F00CEE193 /* Preview Content */ = {
			isa = PBXGroup;
			children = (
				86897B9829D6812F00CEE193 /* Preview Assets.xcassets */,
			);
			path = "Preview Content";
			sourceTree = "<group>";
		};
		86897BA129D6812F00CEE193 /* RatioBarChartTests */ = {
			isa = PBXGroup;
			children = (
				86897BA229D6812F00CEE193 /* RatioBarChartTests.swift */,
			);
			path = RatioBarChartTests;
			sourceTree = "<group>";
		};
		86897BAB29D6813000CEE193 /* RatioBarChartUITests */ = {
			isa = PBXGroup;
			children = (
				86897BAC29D6813000CEE193 /* RatioBarChartUITests.swift */,
				86897BAE29D6813000CEE193 /* RatioBarChartUITestsLaunchTests.swift */,
			);
			path = RatioBarChartUITests;
			sourceTree = "<group>";
		};
/* End PBXGroup section */

/* Begin PBXNativeTarget section */
		86897B8D29D6812E00CEE193 /* RatioBarChart */ = {
			isa = PBXNativeTarget;
			buildConfigurationList = 86897BB229D6813000CEE193 /* Build configuration list for PBXNativeTarget "RatioBarChart" */;
			buildPhases = (
				86897B8A29D6812E00CEE193 /* Sources */,
				86897B8B29D6812E00CEE193 /* Frameworks */,
				86897B8C29D6812E00CEE193 /* Resources */,
			);
			buildRules = (
			);
			dependencies = (
			);
			name = RatioBarChart;
			productName = RatioBarChart;
			productReference = 86897B8E29D6812E00CEE193 /* RatioBarChart.app */;
			productType = "com.apple.product-type.application";
		};
		86897B9D29D6812F00CEE193 /* RatioBarChartTests */ = {
			isa = PBXNativeTarget;
			buildConfigurationList = 86897BB529D6813000CEE193 /* Build configuration list for PBXNativeTarget "RatioBarChartTests" */;
			buildPhases = (
				86897B9A29D6812F00CEE193 /* Sources */,
				86897B9B29D6812F00CEE193 /* Frameworks */,
				86897B9C29D6812F00CEE193 /* Resources */,
			);
			buildRules = (
			);
			dependencies = (
				86897BA029D6812F00CEE193 /* PBXTargetDependency */,
			);
			name = RatioBarChartTests;
			productName = RatioBarChartTests;
			productReference = 86897B9E29D6812F00CEE193 /* RatioBarChartTests.xctest */;
			productType = "com.apple.product-type.bundle.unit-test";
		};
		86897BA729D6813000CEE193 /* RatioBarChartUITests */ = {
			isa = PBXNativeTarget;
			buildConfigurationList = 86897BB829D6813000CEE193 /* Build configuration list for PBXNativeTarget "RatioBarChartUITests" */;
			buildPhases = (
				86897BA429D6813000CEE193 /* Sources */,
				86897BA529D6813000CEE193 /* Frameworks */,
				86897BA629D6813000CEE193 /* Resources */,
			);
			buildRules = (
			);
			dependencies = (
				86897BAA29D6813000CEE193 /* PBXTargetDependency */,
			);
			name = RatioBarChartUITests;
			productName = RatioBarChartUITests;
			productReference = 86897BA829D6813000CEE193 /* RatioBarChartUITests.xctest */;
			productType = "com.apple.product-type.bundle.ui-testing";
		};
/* End PBXNativeTarget section */

/* Begin PBXProject section */
		86897B8629D6812D00CEE193 /* Project object */ = {
			isa = PBXProject;
			attributes = {
				BuildIndependentTargetsInParallel = 1;
				LastSwiftUpdateCheck = 1420;
				LastUpgradeCheck = 1420;
				TargetAttributes = {
					86897B8D29D6812E00CEE193 = {
						CreatedOnToolsVersion = 14.2;
					};
					86897B9D29D6812F00CEE193 = {
						CreatedOnToolsVersion = 14.2;
						TestTargetID = 86897B8D29D6812E00CEE193;
					};
					86897BA729D6813000CEE193 = {
						CreatedOnToolsVersion = 14.2;
						TestTargetID = 86897B8D29D6812E00CEE193;
					};
				};
			};
			buildConfigurationList = 86897B8929D6812D00CEE193 /* Build configuration list for PBXProject "RatioBarChart" */;
			compatibilityVersion = "Xcode 14.0";
			developmentRegion = en;
			hasScannedForEncodings = 0;
			knownRegions = (
				en,
				Base,
			);
			mainGroup = 86897B8529D6812D00CEE193;
			productRefGroup = 86897B8F29D6812E00CEE193 /* Products */;
			projectDirPath = "";
			projectRoot = "";
			targets = (
				86897B8D29D6812E00CEE193 /* RatioBarChart */,
				86897B9D29D6812F00CEE193 /* RatioBarChartTests */,
				86897BA729D6813000CEE193 /* RatioBarChartUITests */,
			);
		};
/* End PBXProject section */

/* Begin PBXResourcesBuildPhase section */
		86897B8C29D6812E00CEE193 /* Resources */ = {
			isa = PBXResourcesBuildPhase;
			buildActionMask = 2147483647;
			files = (
				86897B9929D6812F00CEE193 /* Preview Assets.xcassets in Resources */,
				86897B9629D6812F00CEE193 /* Assets.xcassets in Resources */,
			);
			runOnlyForDeploymentPostprocessing = 0;
		};
		86897B9C29D6812F00CEE193 /* Resources */ = {
			isa = PBXResourcesBuildPhase;
			buildActionMask = 2147483647;
			files = (
			);
			runOnlyForDeploymentPostprocessing = 0;
		};
		86897BA629D6813000CEE193 /* Resources */ = {
			isa = PBXResourcesBuildPhase;
			buildActionMask = 2147483647;
			files = (
			);
			runOnlyForDeploymentPostprocessing = 0;
		};
/* End PBXResourcesBuildPhase section */

/* Begin PBXSourcesBuildPhase section */
		86897B8A29D6812E00CEE193 /* Sources */ = {
			isa = PBXSourcesBuildPhase;
			buildActionMask = 2147483647;
			files = (
				86897B9429D6812E00CEE193 /* ContentView.swift in Sources */,
				C0BB52E529D723C900354436 /* RadioBarChartViewModel.swift in Sources */,
				C0B1DD7C29D7769E0026D27C /* String+extension.swift in Sources */,
				C0BB52EA29D745C100354436 /* Int+extension.swift in Sources */,
				86897B9229D6812E00CEE193 /* RatioBarChartApp.swift in Sources */,
				86897BBC29D6814000CEE193 /* RatioBarChart.swift in Sources */,
			);
			runOnlyForDeploymentPostprocessing = 0;
		};
		86897B9A29D6812F00CEE193 /* Sources */ = {
			isa = PBXSourcesBuildPhase;
			buildActionMask = 2147483647;
			files = (
				86897BA329D6812F00CEE193 /* RatioBarChartTests.swift in Sources */,
			);
			runOnlyForDeploymentPostprocessing = 0;
		};
		86897BA429D6813000CEE193 /* Sources */ = {
			isa = PBXSourcesBuildPhase;
			buildActionMask = 2147483647;
			files = (
				86897BAD29D6813000CEE193 /* RatioBarChartUITests.swift in Sources */,
				86897BAF29D6813000CEE193 /* RatioBarChartUITestsLaunchTests.swift in Sources */,
			);
			runOnlyForDeploymentPostprocessing = 0;
		};
/* End PBXSourcesBuildPhase section */

/* Begin PBXTargetDependency section */
		86897BA029D6812F00CEE193 /* PBXTargetDependency */ = {
			isa = PBXTargetDependency;
			target = 86897B8D29D6812E00CEE193 /* RatioBarChart */;
			targetProxy = 86897B9F29D6812F00CEE193 /* PBXContainerItemProxy */;
		};
		86897BAA29D6813000CEE193 /* PBXTargetDependency */ = {
			isa = PBXTargetDependency;
			target = 86897B8D29D6812E00CEE193 /* RatioBarChart */;
			targetProxy = 86897BA929D6813000CEE193 /* PBXContainerItemProxy */;
		};
/* End PBXTargetDependency section */

/* Begin XCBuildConfiguration section */
		86897BB029D6813000CEE193 /* Debug */ = {
			isa = XCBuildConfiguration;
			buildSettings = {
				ALWAYS_SEARCH_USER_PATHS = NO;
				CLANG_ANALYZER_NONNULL = YES;
				CLANG_ANALYZER_NUMBER_OBJECT_CONVERSION = YES_AGGRESSIVE;
				CLANG_CXX_LANGUAGE_STANDARD = "gnu++20";
				CLANG_ENABLE_MODULES = YES;
				CLANG_ENABLE_OBJC_ARC = YES;
				CLANG_ENABLE_OBJC_WEAK = YES;
				CLANG_WARN_BLOCK_CAPTURE_AUTORELEASING = YES;
				CLANG_WARN_BOOL_CONVERSION = YES;
				CLANG_WARN_COMMA = YES;
				CLANG_WARN_CONSTANT_CONVERSION = YES;
				CLANG_WARN_DEPRECATED_OBJC_IMPLEMENTATIONS = YES;
				CLANG_WARN_DIRECT_OBJC_ISA_USAGE = YES_ERROR;
				CLANG_WARN_DOCUMENTATION_COMMENTS = YES;
				CLANG_WARN_EMPTY_BODY = YES;
				CLANG_WARN_ENUM_CONVERSION = YES;
				CLANG_WARN_INFINITE_RECURSION = YES;
				CLANG_WARN_INT_CONVERSION = YES;
				CLANG_WARN_NON_LITERAL_NULL_CONVERSION = YES;
				CLANG_WARN_OBJC_IMPLICIT_RETAIN_SELF = YES;
				CLANG_WARN_OBJC_LITERAL_CONVERSION = YES;
				CLANG_WARN_OBJC_ROOT_CLASS = YES_ERROR;
				CLANG_WARN_QUOTED_INCLUDE_IN_FRAMEWORK_HEADER = YES;
				CLANG_WARN_RANGE_LOOP_ANALYSIS = YES;
				CLANG_WARN_STRICT_PROTOTYPES = YES;
				CLANG_WARN_SUSPICIOUS_MOVE = YES;
				CLANG_WARN_UNGUARDED_AVAILABILITY = YES_AGGRESSIVE;
				CLANG_WARN_UNREACHABLE_CODE = YES;
				CLANG_WARN__DUPLICATE_METHOD_MATCH = YES;
				COPY_PHASE_STRIP = NO;
				DEBUG_INFORMATION_FORMAT = dwarf;
				ENABLE_STRICT_OBJC_MSGSEND = YES;
				ENABLE_TESTABILITY = YES;
				GCC_C_LANGUAGE_STANDARD = gnu11;
				GCC_DYNAMIC_NO_PIC = NO;
				GCC_NO_COMMON_BLOCKS = YES;
				GCC_OPTIMIZATION_LEVEL = 0;
				GCC_PREPROCESSOR_DEFINITIONS = (
					"DEBUG=1",
					"$(inherited)",
				);
				GCC_WARN_64_TO_32_BIT_CONVERSION = YES;
				GCC_WARN_ABOUT_RETURN_TYPE = YES_ERROR;
				GCC_WARN_UNDECLARED_SELECTOR = YES;
				GCC_WARN_UNINITIALIZED_AUTOS = YES_AGGRESSIVE;
				GCC_WARN_UNUSED_FUNCTION = YES;
				GCC_WARN_UNUSED_VARIABLE = YES;
				IPHONEOS_DEPLOYMENT_TARGET = 16.2;
				MTL_ENABLE_DEBUG_INFO = INCLUDE_SOURCE;
				MTL_FAST_MATH = YES;
				ONLY_ACTIVE_ARCH = YES;
				SDKROOT = iphoneos;
				SWIFT_ACTIVE_COMPILATION_CONDITIONS = DEBUG;
				SWIFT_OPTIMIZATION_LEVEL = "-Onone";
			};
			name = Debug;
		};
		86897BB129D6813000CEE193 /* Release */ = {
			isa = XCBuildConfiguration;
			buildSettings = {
				ALWAYS_SEARCH_USER_PATHS = NO;
				CLANG_ANALYZER_NONNULL = YES;
				CLANG_ANALYZER_NUMBER_OBJECT_CONVERSION = YES_AGGRESSIVE;
				CLANG_CXX_LANGUAGE_STANDARD = "gnu++20";
				CLANG_ENABLE_MODULES = YES;
				CLANG_ENABLE_OBJC_ARC = YES;
				CLANG_ENABLE_OBJC_WEAK = YES;
				CLANG_WARN_BLOCK_CAPTURE_AUTORELEASING = YES;
				CLANG_WARN_BOOL_CONVERSION = YES;
				CLANG_WARN_COMMA = YES;
				CLANG_WARN_CONSTANT_CONVERSION = YES;
				CLANG_WARN_DEPRECATED_OBJC_IMPLEMENTATIONS = YES;
				CLANG_WARN_DIRECT_OBJC_ISA_USAGE = YES_ERROR;
				CLANG_WARN_DOCUMENTATION_COMMENTS = YES;
				CLANG_WARN_EMPTY_BODY = YES;
				CLANG_WARN_ENUM_CONVERSION = YES;
				CLANG_WARN_INFINITE_RECURSION = YES;
				CLANG_WARN_INT_CONVERSION = YES;
				CLANG_WARN_NON_LITERAL_NULL_CONVERSION = YES;
				CLANG_WARN_OBJC_IMPLICIT_RETAIN_SELF = YES;
				CLANG_WARN_OBJC_LITERAL_CONVERSION = YES;
				CLANG_WARN_OBJC_ROOT_CLASS = YES_ERROR;
				CLANG_WARN_QUOTED_INCLUDE_IN_FRAMEWORK_HEADER = YES;
				CLANG_WARN_RANGE_LOOP_ANALYSIS = YES;
				CLANG_WARN_STRICT_PROTOTYPES = YES;
				CLANG_WARN_SUSPICIOUS_MOVE = YES;
				CLANG_WARN_UNGUARDED_AVAILABILITY = YES_AGGRESSIVE;
				CLANG_WARN_UNREACHABLE_CODE = YES;
				CLANG_WARN__DUPLICATE_METHOD_MATCH = YES;
				COPY_PHASE_STRIP = NO;
				DEBUG_INFORMATION_FORMAT = "dwarf-with-dsym";
				ENABLE_NS_ASSERTIONS = NO;
				ENABLE_STRICT_OBJC_MSGSEND = YES;
				GCC_C_LANGUAGE_STANDARD = gnu11;
				GCC_NO_COMMON_BLOCKS = YES;
				GCC_WARN_64_TO_32_BIT_CONVERSION = YES;
				GCC_WARN_ABOUT_RETURN_TYPE = YES_ERROR;
				GCC_WARN_UNDECLARED_SELECTOR = YES;
				GCC_WARN_UNINITIALIZED_AUTOS = YES_AGGRESSIVE;
				GCC_WARN_UNUSED_FUNCTION = YES;
				GCC_WARN_UNUSED_VARIABLE = YES;
				IPHONEOS_DEPLOYMENT_TARGET = 16.2;
				MTL_ENABLE_DEBUG_INFO = NO;
				MTL_FAST_MATH = YES;
				SDKROOT = iphoneos;
				SWIFT_COMPILATION_MODE = wholemodule;
				SWIFT_OPTIMIZATION_LEVEL = "-O";
				VALIDATE_PRODUCT = YES;
			};
			name = Release;
		};
		86897BB329D6813000CEE193 /* Debug */ = {
			isa = XCBuildConfiguration;
			buildSettings = {
				ASSETCATALOG_COMPILER_APPICON_NAME = AppIcon;
				ASSETCATALOG_COMPILER_GLOBAL_ACCENT_COLOR_NAME = AccentColor;
				CODE_SIGN_STYLE = Automatic;
				CURRENT_PROJECT_VERSION = 1;
				DEVELOPMENT_ASSET_PATHS = "\"RatioBarChart/Preview Content\"";
				DEVELOPMENT_TEAM = TUYS5TF5HK;
				ENABLE_PREVIEWS = YES;
				GENERATE_INFOPLIST_FILE = YES;
				INFOPLIST_KEY_UIApplicationSceneManifest_Generation = YES;
				INFOPLIST_KEY_UIApplicationSupportsIndirectInputEvents = YES;
				INFOPLIST_KEY_UILaunchScreen_Generation = YES;
				INFOPLIST_KEY_UISupportedInterfaceOrientations_iPad = "UIInterfaceOrientationPortrait UIInterfaceOrientationPortraitUpsideDown UIInterfaceOrientationLandscapeLeft UIInterfaceOrientationLandscapeRight";
				INFOPLIST_KEY_UISupportedInterfaceOrientations_iPhone = "UIInterfaceOrientationPortrait UIInterfaceOrientationLandscapeLeft UIInterfaceOrientationLandscapeRight";
				LD_RUNPATH_SEARCH_PATHS = (
					"$(inherited)",
					"@executable_path/Frameworks",
				);
				MARKETING_VERSION = 1.0;
				PRODUCT_BUNDLE_IDENTIFIER = JamesSedlacek.RatioBarChart;
				PRODUCT_NAME = "$(TARGET_NAME)";
				SWIFT_EMIT_LOC_STRINGS = YES;
				SWIFT_VERSION = 5.0;
				TARGETED_DEVICE_FAMILY = "1,2";
			};
			name = Debug;
		};
		86897BB429D6813000CEE193 /* Release */ = {
			isa = XCBuildConfiguration;
			buildSettings = {
				ASSETCATALOG_COMPILER_APPICON_NAME = AppIcon;
				ASSETCATALOG_COMPILER_GLOBAL_ACCENT_COLOR_NAME = AccentColor;
				CODE_SIGN_STYLE = Automatic;
				CURRENT_PROJECT_VERSION = 1;
				DEVELOPMENT_ASSET_PATHS = "\"RatioBarChart/Preview Content\"";
				DEVELOPMENT_TEAM = TUYS5TF5HK;
				ENABLE_PREVIEWS = YES;
				GENERATE_INFOPLIST_FILE = YES;
				INFOPLIST_KEY_UIApplicationSceneManifest_Generation = YES;
				INFOPLIST_KEY_UIApplicationSupportsIndirectInputEvents = YES;
				INFOPLIST_KEY_UILaunchScreen_Generation = YES;
				INFOPLIST_KEY_UISupportedInterfaceOrientations_iPad = "UIInterfaceOrientationPortrait UIInterfaceOrientationPortraitUpsideDown UIInterfaceOrientationLandscapeLeft UIInterfaceOrientationLandscapeRight";
				INFOPLIST_KEY_UISupportedInterfaceOrientations_iPhone = "UIInterfaceOrientationPortrait UIInterfaceOrientationLandscapeLeft UIInterfaceOrientationLandscapeRight";
				LD_RUNPATH_SEARCH_PATHS = (
					"$(inherited)",
					"@executable_path/Frameworks",
				);
				MARKETING_VERSION = 1.0;
				PRODUCT_BUNDLE_IDENTIFIER = JamesSedlacek.RatioBarChart;
				PRODUCT_NAME = "$(TARGET_NAME)";
				SWIFT_EMIT_LOC_STRINGS = YES;
				SWIFT_VERSION = 5.0;
				TARGETED_DEVICE_FAMILY = "1,2";
			};
			name = Release;
		};
		86897BB629D6813000CEE193 /* Debug */ = {
			isa = XCBuildConfiguration;
			buildSettings = {
				ALWAYS_EMBED_SWIFT_STANDARD_LIBRARIES = YES;
				BUNDLE_LOADER = "$(TEST_HOST)";
				CODE_SIGN_STYLE = Automatic;
				CURRENT_PROJECT_VERSION = 1;
				DEVELOPMENT_TEAM = TUYS5TF5HK;
				GENERATE_INFOPLIST_FILE = YES;
				IPHONEOS_DEPLOYMENT_TARGET = 16.2;
				MARKETING_VERSION = 1.0;
				PRODUCT_BUNDLE_IDENTIFIER = JamesSedlacek.RatioBarChartTests;
				PRODUCT_NAME = "$(TARGET_NAME)";
				SWIFT_EMIT_LOC_STRINGS = NO;
				SWIFT_VERSION = 5.0;
				TARGETED_DEVICE_FAMILY = "1,2";
				TEST_HOST = "$(BUILT_PRODUCTS_DIR)/RatioBarChart.app/$(BUNDLE_EXECUTABLE_FOLDER_PATH)/RatioBarChart";
			};
			name = Debug;
		};
		86897BB729D6813000CEE193 /* Release */ = {
			isa = XCBuildConfiguration;
			buildSettings = {
				ALWAYS_EMBED_SWIFT_STANDARD_LIBRARIES = YES;
				BUNDLE_LOADER = "$(TEST_HOST)";
				CODE_SIGN_STYLE = Automatic;
				CURRENT_PROJECT_VERSION = 1;
				DEVELOPMENT_TEAM = TUYS5TF5HK;
				GENERATE_INFOPLIST_FILE = YES;
				IPHONEOS_DEPLOYMENT_TARGET = 16.2;
				MARKETING_VERSION = 1.0;
				PRODUCT_BUNDLE_IDENTIFIER = JamesSedlacek.RatioBarChartTests;
				PRODUCT_NAME = "$(TARGET_NAME)";
				SWIFT_EMIT_LOC_STRINGS = NO;
				SWIFT_VERSION = 5.0;
				TARGETED_DEVICE_FAMILY = "1,2";
				TEST_HOST = "$(BUILT_PRODUCTS_DIR)/RatioBarChart.app/$(BUNDLE_EXECUTABLE_FOLDER_PATH)/RatioBarChart";
			};
			name = Release;
		};
		86897BB929D6813000CEE193 /* Debug */ = {
			isa = XCBuildConfiguration;
			buildSettings = {
				ALWAYS_EMBED_SWIFT_STANDARD_LIBRARIES = YES;
				CODE_SIGN_STYLE = Automatic;
				CURRENT_PROJECT_VERSION = 1;
				DEVELOPMENT_TEAM = TUYS5TF5HK;
				GENERATE_INFOPLIST_FILE = YES;
				MARKETING_VERSION = 1.0;
				PRODUCT_BUNDLE_IDENTIFIER = JamesSedlacek.RatioBarChartUITests;
				PRODUCT_NAME = "$(TARGET_NAME)";
				SWIFT_EMIT_LOC_STRINGS = NO;
				SWIFT_VERSION = 5.0;
				TARGETED_DEVICE_FAMILY = "1,2";
				TEST_TARGET_NAME = RatioBarChart;
			};
			name = Debug;
		};
		86897BBA29D6813000CEE193 /* Release */ = {
			isa = XCBuildConfiguration;
			buildSettings = {
				ALWAYS_EMBED_SWIFT_STANDARD_LIBRARIES = YES;
				CODE_SIGN_STYLE = Automatic;
				CURRENT_PROJECT_VERSION = 1;
				DEVELOPMENT_TEAM = TUYS5TF5HK;
				GENERATE_INFOPLIST_FILE = YES;
				MARKETING_VERSION = 1.0;
				PRODUCT_BUNDLE_IDENTIFIER = JamesSedlacek.RatioBarChartUITests;
				PRODUCT_NAME = "$(TARGET_NAME)";
				SWIFT_EMIT_LOC_STRINGS = NO;
				SWIFT_VERSION = 5.0;
				TARGETED_DEVICE_FAMILY = "1,2";
				TEST_TARGET_NAME = RatioBarChart;
			};
			name = Release;
		};
/* End XCBuildConfiguration section */

/* Begin XCConfigurationList section */
		86897B8929D6812D00CEE193 /* Build configuration list for PBXProject "RatioBarChart" */ = {
			isa = XCConfigurationList;
			buildConfigurations = (
				86897BB029D6813000CEE193 /* Debug */,
				86897BB129D6813000CEE193 /* Release */,
			);
			defaultConfigurationIsVisible = 0;
			defaultConfigurationName = Release;
		};
		86897BB229D6813000CEE193 /* Build configuration list for PBXNativeTarget "RatioBarChart" */ = {
			isa = XCConfigurationList;
			buildConfigurations = (
				86897BB329D6813000CEE193 /* Debug */,
				86897BB429D6813000CEE193 /* Release */,
			);
			defaultConfigurationIsVisible = 0;
			defaultConfigurationName = Release;
		};
		86897BB529D6813000CEE193 /* Build configuration list for PBXNativeTarget "RatioBarChartTests" */ = {
			isa = XCConfigurationList;
			buildConfigurations = (
				86897BB629D6813000CEE193 /* Debug */,
				86897BB729D6813000CEE193 /* Release */,
			);
			defaultConfigurationIsVisible = 0;
			defaultConfigurationName = Release;
		};
		86897BB829D6813000CEE193 /* Build configuration list for PBXNativeTarget "RatioBarChartUITests" */ = {
			isa = XCConfigurationList;
			buildConfigurations = (
				86897BB929D6813000CEE193 /* Debug */,
				86897BBA29D6813000CEE193 /* Release */,
			);
			defaultConfigurationIsVisible = 0;
			defaultConfigurationName = Release;
		};
/* End XCConfigurationList section */
	};
	rootObject = 86897B8629D6812D00CEE193 /* Project object */;
}
